Microsoft Visual Studio Solution File, Format Version 12.00
# Visual Studio 2012
Project("{FAE04EC0-301F-11D3-BF4B-00C04F79EFBC}") = "Ten Second Team", "Ten Second Team.csproj", "{BDB99812-B2FB-4EF1-AB32-D5DEEC98EB3E}"
EndProject
Global
	GlobalSection(SolutionConfigurationPlatforms) = preSolution
	Debug|Any CPU = Debug|Any CPU
	ExportDebug|Any CPU = ExportDebug|Any CPU
	ExportRelease|Any CPU = ExportRelease|Any CPU
	EndGlobalSection
	GlobalSection(ProjectConfigurationPlatforms) = postSolution
		{BDB99812-B2FB-4EF1-AB32-D5DEEC98EB3E}.Debug|Any CPU.ActiveCfg = Debug|Any CPU
		{BDB99812-B2FB-4EF1-AB32-D5DEEC98EB3E}.Debug|Any CPU.Build.0 = Debug|Any CPU
		{BDB99812-B2FB-4EF1-AB32-D5DEEC98EB3E}.ExportDebug|Any CPU.ActiveCfg = ExportDebug|Any CPU
		{BDB99812-B2FB-4EF1-AB32-D5DEEC98EB3E}.ExportDebug|Any CPU.Build.0 = ExportDebug|Any CPU
		{BDB99812-B2FB-4EF1-AB32-D5DEEC98EB3E}.ExportRelease|Any CPU.ActiveCfg = ExportRelease|Any CPU
		{BDB99812-B2FB-4EF1-AB32-D5DEEC98EB3E}.ExportRelease|Any CPU.Build.0 = ExportRelease|Any CPU
	EndGlobalSection
EndGlobal
